// !$*UTF8*$!
{
	archiveVersion = 1;
	classes = {
	};
	objectVersion = 50;
	objects = {

/* Begin PBXBuildFile section */
		E989662425AB996000F5BEFF /* AppDelegate.swift in Sources */ = {isa = PBXBuildFile; fileRef = E989662325AB996000F5BEFF /* AppDelegate.swift */; };
		E989662625AB996000F5BEFF /* SceneDelegate.swift in Sources */ = {isa = PBXBuildFile; fileRef = E989662525AB996000F5BEFF /* SceneDelegate.swift */; };
		E989662825AB996000F5BEFF /* ViewController.swift in Sources */ = {isa = PBXBuildFile; fileRef = E989662725AB996000F5BEFF /* ViewController.swift */; };
		E989662B25AB996000F5BEFF /* Main.storyboard in Resources */ = {isa = PBXBuildFile; fileRef = E989662925AB996000F5BEFF /* Main.storyboard */; };
		E989662D25AB996800F5BEFF /* Assets.xcassets in Resources */ = {isa = PBXBuildFile; fileRef = E989662C25AB996800F5BEFF /* Assets.xcassets */; };
		E989663025AB996800F5BEFF /* LaunchScreen.storyboard in Resources */ = {isa = PBXBuildFile; fileRef = E989662E25AB996800F5BEFF /* LaunchScreen.storyboard */; };
		E989663B25AB996800F5BEFF /* PreworkTests.swift in Sources */ = {isa = PBXBuildFile; fileRef = E989663A25AB996800F5BEFF /* PreworkTests.swift */; };
		E989664625AB996800F5BEFF /* PreworkUITests.swift in Sources */ = {isa = PBXBuildFile; fileRef = E989664525AB996800F5BEFF /* PreworkUITests.swift */; };
/* End PBXBuildFile section */

/* Begin PBXContainerItemProxy section */
		E989663725AB996800F5BEFF /* PBXContainerItemProxy */ = {
			isa = PBXContainerItemProxy;
			containerPortal = E989661825AB996000F5BEFF /* Project object */;
			proxyType = 1;
			remoteGlobalIDString = E989661F25AB996000F5BEFF;
			remoteInfo = Prework;
		};
		E989664225AB996800F5BEFF /* PBXContainerItemProxy */ = {
			isa = PBXContainerItemProxy;
			containerPortal = E989661825AB996000F5BEFF /* Project object */;
			proxyType = 1;
			remoteGlobalIDString = E989661F25AB996000F5BEFF;
			remoteInfo = Prework;
		};
/* End PBXContainerItemProxy section */

/* Begin PBXFileReference section */
		E989662025AB996000F5BEFF /* Prework.app */ = {isa = PBXFileReference; explicitFileType = wrapper.application; includeInIndex = 0; path = Prework.app; sourceTree = BUILT_PRODUCTS_DIR; };
		E989662325AB996000F5BEFF /* AppDelegate.swift */ = {isa = PBXFileReference; lastKnownFileType = sourcecode.swift; path = AppDelegate.swift; sourceTree = "<group>"; };
		E989662525AB996000F5BEFF /* SceneDelegate.swift */ = {isa = PBXFileReference; lastKnownFileType = sourcecode.swift; path = SceneDelegate.swift; sourceTree = "<group>"; };
		E989662725AB996000F5BEFF /* ViewController.swift */ = {isa = PBXFileReference; lastKnownFileType = sourcecode.swift; path = ViewController.swift; sourceTree = "<group>"; };
		E989662A25AB996000F5BEFF /* Base */ = {isa = PBXFileReference; lastKnownFileType = file.storyboard; name = Base; path = Base.lproj/Main.storyboard; sourceTree = "<group>"; };
		E989662C25AB996800F5BEFF /* Assets.xcassets */ = {isa = PBXFileReference; lastKnownFileType = folder.assetcatalog; path = Assets.xcassets; sourceTree = "<group>"; };
		E989662F25AB996800F5BEFF /* Base */ = {isa = PBXFileReference; lastKnownFileType = file.storyboard; name = Base; path = Base.lproj/LaunchScreen.storyboard; sourceTree = "<group>"; };
		E989663125AB996800F5BEFF /* Info.plist */ = {isa = PBXFileReference; lastKnownFileType = text.plist.xml; path = Info.plist; sourceTree = "<group>"; };
		E989663625AB996800F5BEFF /* PreworkTests.xctest */ = {isa = PBXFileReference; explicitFileType = wrapper.cfbundle; includeInIndex = 0; path = PreworkTests.xctest; sourceTree = BUILT_PRODUCTS_DIR; };
		E989663A25AB996800F5BEFF /* PreworkTests.swift */ = {isa = PBXFileReference; lastKnownFileType = sourcecode.swift; path = PreworkTests.swift; sourceTree = "<group>"; };
		E989663C25AB996800F5BEFF /* Info.plist */ = {isa = PBXFileReference; lastKnownFileType = text.plist.xml; path = Info.plist; sourceTree = "<group>"; };
		E989664125AB996800F5BEFF /* PreworkUITests.xctest */ = {isa = PBXFileReference; explicitFileType = wrapper.cfbundle; includeInIndex = 0; path = PreworkUITests.xctest; sourceTree = BUILT_PRODUCTS_DIR; };
		E989664525AB996800F5BEFF /* PreworkUITests.swift */ = {isa = PBXFileReference; lastKnownFileType = sourcecode.swift; path = PreworkUITests.swift; sourceTree = "<group>"; };
		E989664725AB996800F5BEFF /* Info.plist */ = {isa = PBXFileReference; lastKnownFileType = text.plist.xml; path = Info.plist; sourceTree = "<group>"; };
/* End PBXFileReference section */

/* Begin PBXFrameworksBuildPhase section */
		E989661D25AB996000F5BEFF /* Frameworks */ = {
			isa = PBXFrameworksBuildPhase;
			buildActionMask = 2147483647;
			files = (
			);
			runOnlyForDeploymentPostprocessing = 0;
		};
		E989663325AB996800F5BEFF /* Frameworks */ = {
			isa = PBXFrameworksBuildPhase;
			buildActionMask = 2147483647;
			files = (
			);
			runOnlyForDeploymentPostprocessing = 0;
		};
		E989663E25AB996800F5BEFF /* Frameworks */ = {
			isa = PBXFrameworksBuildPhase;
			buildActionMask = 2147483647;
			files = (
			);
			runOnlyForDeploymentPostprocessing = 0;
		};
/* End PBXFrameworksBuildPhase section */

/* Begin PBXGroup section */
		E989661725AB996000F5BEFF = {
			isa = PBXGroup;
			children = (
				E989662225AB996000F5BEFF /* Prework */,
				E989663925AB996800F5BEFF /* PreworkTests */,
				E989664425AB996800F5BEFF /* PreworkUITests */,
				E989662125AB996000F5BEFF /* Products */,
			);
			sourceTree = "<group>";
		};
		E989662125AB996000F5BEFF /* Products */ = {
			isa = PBXGroup;
			children = (
				E989662025AB996000F5BEFF /* Prework.app */,
				E989663625AB996800F5BEFF /* PreworkTests.xctest */,
				E989664125AB996800F5BEFF /* PreworkUITests.xctest */,
			);
			name = Products;
			sourceTree = "<group>";
		};
		E989662225AB996000F5BEFF /* Prework */ = {
			isa = PBXGroup;
			children = (
				E989662325AB996000F5BEFF /* AppDelegate.swift */,
				E989662525AB996000F5BEFF /* SceneDelegate.swift */,
				E989662725AB996000F5BEFF /* ViewController.swift */,
				E989662925AB996000F5BEFF /* Main.storyboard */,
				E989662C25AB996800F5BEFF /* Assets.xcassets */,
				E989662E25AB996800F5BEFF /* LaunchScreen.storyboard */,
				E989663125AB996800F5BEFF /* Info.plist */,
			);
			path = Prework;
			sourceTree = "<group>";
		};
		E989663925AB996800F5BEFF /* PreworkTests */ = {
			isa = PBXGroup;
			children = (
				E989663A25AB996800F5BEFF /* PreworkTests.swift */,
				E989663C25AB996800F5BEFF /* Info.plist */,
			);
			path = PreworkTests;
			sourceTree = "<group>";
		};
		E989664425AB996800F5BEFF /* PreworkUITests */ = {
			isa = PBXGroup;
			children = (
				E989664525AB996800F5BEFF /* PreworkUITests.swift */,
				E989664725AB996800F5BEFF /* Info.plist */,
			);
			path = PreworkUITests;
			sourceTree = "<group>";
		};
/* End PBXGroup section */

/* Begin PBXNativeTarget section */
		E989661F25AB996000F5BEFF /* Prework */ = {
			isa = PBXNativeTarget;
			buildConfigurationList = E989664A25AB996800F5BEFF /* Build configuration list for PBXNativeTarget "Prework" */;
			buildPhases = (
				E989661C25AB996000F5BEFF /* Sources */,
				E989661D25AB996000F5BEFF /* Frameworks */,
				E989661E25AB996000F5BEFF /* Resources */,
			);
			buildRules = (
			);
			dependencies = (
			);
			name = Prework;
			productName = Prework;
			productReference = E989662025AB996000F5BEFF /* Prework.app */;
			productType = "com.apple.product-type.application";
		};
		E989663525AB996800F5BEFF /* PreworkTests */ = {
			isa = PBXNativeTarget;
			buildConfigurationList = E989664D25AB996800F5BEFF /* Build configuration list for PBXNativeTarget "PreworkTests" */;
			buildPhases = (
				E989663225AB996800F5BEFF /* Sources */,
				E989663325AB996800F5BEFF /* Frameworks */,
				E989663425AB996800F5BEFF /* Resources */,
			);
			buildRules = (
			);
			dependencies = (
				E989663825AB996800F5BEFF /* PBXTargetDependency */,
			);
			name = PreworkTests;
			productName = PreworkTests;
			productReference = E989663625AB996800F5BEFF /* PreworkTests.xctest */;
			productType = "com.apple.product-type.bundle.unit-test";
		};
		E989664025AB996800F5BEFF /* PreworkUITests */ = {
			isa = PBXNativeTarget;
			buildConfigurationList = E989665025AB996800F5BEFF /* Build configuration list for PBXNativeTarget "PreworkUITests" */;
			buildPhases = (
				E989663D25AB996800F5BEFF /* Sources */,
				E989663E25AB996800F5BEFF /* Frameworks */,
				E989663F25AB996800F5BEFF /* Resources */,
			);
			buildRules = (
			);
			dependencies = (
				E989664325AB996800F5BEFF /* PBXTargetDependency */,
			);
			name = PreworkUITests;
			productName = PreworkUITests;
			productReference = E989664125AB996800F5BEFF /* PreworkUITests.xctest */;
			productType = "com.apple.product-type.bundle.ui-testing";
		};
/* End PBXNativeTarget section */

/* Begin PBXProject section */
		E989661825AB996000F5BEFF /* Project object */ = {
			isa = PBXProject;
			attributes = {
				LastSwiftUpdateCheck = 1200;
				LastUpgradeCheck = 1200;
				TargetAttributes = {
					E989661F25AB996000F5BEFF = {
						CreatedOnToolsVersion = 12.0.1;
					};
					E989663525AB996800F5BEFF = {
						CreatedOnToolsVersion = 12.0.1;
						TestTargetID = E989661F25AB996000F5BEFF;
					};
					E989664025AB996800F5BEFF = {
						CreatedOnToolsVersion = 12.0.1;
						TestTargetID = E989661F25AB996000F5BEFF;
					};
				};
			};
			buildConfigurationList = E989661B25AB996000F5BEFF /* Build configuration list for PBXProject "Prework" */;
			compatibilityVersion = "Xcode 9.3";
			developmentRegion = en;
			hasScannedForEncodings = 0;
			knownRegions = (
				en,
				Base,
			);
			mainGroup = E989661725AB996000F5BEFF;
			productRefGroup = E989662125AB996000F5BEFF /* Products */;
			projectDirPath = "";
			projectRoot = "";
			targets = (
				E989661F25AB996000F5BEFF /* Prework */,
				E989663525AB996800F5BEFF /* PreworkTests */,
				E989664025AB996800F5BEFF /* PreworkUITests */,
			);
		};
/* End PBXProject section */

/* Begin PBXResourcesBuildPhase section */
		E989661E25AB996000F5BEFF /* Resources */ = {
			isa = PBXResourcesBuildPhase;
			buildActionMask = 2147483647;
			files = (
				E989663025AB996800F5BEFF /* LaunchScreen.storyboard in Resources */,
				E989662D25AB996800F5BEFF /* Assets.xcassets in Resources */,
				E989662B25AB996000F5BEFF /* Main.storyboard in Resources */,
			);
			runOnlyForDeploymentPostprocessing = 0;
		};
		E989663425AB996800F5BEFF /* Resources */ = {
			isa = PBXResourcesBuildPhase;
			buildActionMask = 2147483647;
			files = (
			);
			runOnlyForDeploymentPostprocessing = 0;
		};
		E989663F25AB996800F5BEFF /* Resources */ = {
			isa = PBXResourcesBuildPhase;
			buildActionMask = 2147483647;
			files = (
			);
			runOnlyForDeploymentPostprocessing = 0;
		};
/* End PBXResourcesBuildPhase section */

/* Begin PBXSourcesBuildPhase section */
		E989661C25AB996000F5BEFF /* Sources */ = {
			isa = PBXSourcesBuildPhase;
			buildActionMask = 2147483647;
			files = (
				E989662825AB996000F5BEFF /* ViewController.swift in Sources */,
				E989662425AB996000F5BEFF /* AppDelegate.swift in Sources */,
				E989662625AB996000F5BEFF /* SceneDelegate.swift in Sources */,
			);
			runOnlyForDeploymentPostprocessing = 0;
		};
		E989663225AB996800F5BEFF /* Sources */ = {
			isa = PBXSourcesBuildPhase;
			buildActionMask = 2147483647;
			files = (
				E989663B25AB996800F5BEFF /* PreworkTests.swift in Sources */,
			);
			runOnlyForDeploymentPostprocessing = 0;
		};
		E989663D25AB996800F5BEFF /* Sources */ = {
			isa = PBXSourcesBuildPhase;
			buildActionMask = 2147483647;
			files = (
				E989664625AB996800F5BEFF /* PreworkUITests.swift in Sources */,
			);
			runOnlyForDeploymentPostprocessing = 0;
		};
/* End PBXSourcesBuildPhase section */

/* Begin PBXTargetDependency section */
		E989663825AB996800F5BEFF /* PBXTargetDependency */ = {
			isa = PBXTargetDependency;
			target = E989661F25AB996000F5BEFF /* Prework */;
			targetProxy = E989663725AB996800F5BEFF /* PBXContainerItemProxy */;
		};
		E989664325AB996800F5BEFF /* PBXTargetDependency */ = {
			isa = PBXTargetDependency;
			target = E989661F25AB996000F5BEFF /* Prework */;
			targetProxy = E989664225AB996800F5BEFF /* PBXContainerItemProxy */;
		};
/* End PBXTargetDependency section */

/* Begin PBXVariantGroup section */
		E989662925AB996000F5BEFF /* Main.storyboard */ = {
			isa = PBXVariantGroup;
			children = (
				E989662A25AB996000F5BEFF /* Base */,
			);
			name = Main.storyboard;
			sourceTree = "<group>";
		};
		E989662E25AB996800F5BEFF /* LaunchScreen.storyboard */ = {
			isa = PBXVariantGroup;
			children = (
				E989662F25AB996800F5BEFF /* Base */,
			);
			name = LaunchScreen.storyboard;
			sourceTree = "<group>";
		};
/* End PBXVariantGroup section */

/* Begin XCBuildConfiguration section */
		E989664825AB996800F5BEFF /* Debug */ = {
			isa = XCBuildConfiguration;
			buildSettings = {
				ALWAYS_SEARCH_USER_PATHS = NO;
				CLANG_ANALYZER_NONNULL = YES;
				CLANG_ANALYZER_NUMBER_OBJECT_CONVERSION = YES_AGGRESSIVE;
				CLANG_CXX_LANGUAGE_STANDARD = "gnu++14";
				CLANG_CXX_LIBRARY = "libc++";
				CLANG_ENABLE_MODULES = YES;
				CLANG_ENABLE_OBJC_ARC = YES;
				CLANG_ENABLE_OBJC_WEAK = YES;
				CLANG_WARN_BLOCK_CAPTURE_AUTORELEASING = YES;
				CLANG_WARN_BOOL_CONVERSION = YES;
				CLANG_WARN_COMMA = YES;
				CLANG_WARN_CONSTANT_CONVERSION = YES;
				CLANG_WARN_DEPRECATED_OBJC_IMPLEMENTATIONS = YES;
				CLANG_WARN_DIRECT_OBJC_ISA_USAGE = YES_ERROR;
				CLANG_WARN_DOCUMENTATION_COMMENTS = YES;
				CLANG_WARN_EMPTY_BODY = YES;
				CLANG_WARN_ENUM_CONVERSION = YES;
				CLANG_WARN_INFINITE_RECURSION = YES;
				CLANG_WARN_INT_CONVERSION = YES;
				CLANG_WARN_NON_LITERAL_NULL_CONVERSION = YES;
				CLANG_WARN_OBJC_IMPLICIT_RETAIN_SELF = YES;
				CLANG_WARN_OBJC_LITERAL_CONVERSION = YES;
				CLANG_WARN_OBJC_ROOT_CLASS = YES_ERROR;
				CLANG_WARN_QUOTED_INCLUDE_IN_FRAMEWORK_HEADER = YES;
				CLANG_WARN_RANGE_LOOP_ANALYSIS = YES;
				CLANG_WARN_STRICT_PROTOTYPES = YES;
				CLANG_WARN_SUSPICIOUS_MOVE = YES;
				CLANG_WARN_UNGUARDED_AVAILABILITY = YES_AGGRESSIVE;
				CLANG_WARN_UNREACHABLE_CODE = YES;
				CLANG_WARN__DUPLICATE_METHOD_MATCH = YES;
				COPY_PHASE_STRIP = NO;
				DEBUG_INFORMATION_FORMAT = dwarf;
				ENABLE_STRICT_OBJC_MSGSEND = YES;
				ENABLE_TESTABILITY = YES;
				GCC_C_LANGUAGE_STANDARD = gnu11;
				GCC_DYNAMIC_NO_PIC = NO;
				GCC_NO_COMMON_BLOCKS = YES;
				GCC_OPTIMIZATION_LEVEL = 0;
				GCC_PREPROCESSOR_DEFINITIONS = (
					"DEBUG=1",
					"$(inherited)",
				);
				GCC_WARN_64_TO_32_BIT_CONVERSION = YES;
				GCC_WARN_ABOUT_RETURN_TYPE = YES_ERROR;
				GCC_WARN_UNDECLARED_SELECTOR = YES;
				GCC_WARN_UNINITIALIZED_AUTOS = YES_AGGRESSIVE;
				GCC_WARN_UNUSED_FUNCTION = YES;
				GCC_WARN_UNUSED_VARIABLE = YES;
				IPHONEOS_DEPLOYMENT_TARGET = 14.0;
				MTL_ENABLE_DEBUG_INFO = INCLUDE_SOURCE;
				MTL_FAST_MATH = YES;
				ONLY_ACTIVE_ARCH = YES;
				SDKROOT = iphoneos;
				SWIFT_ACTIVE_COMPILATION_CONDITIONS = DEBUG;
				SWIFT_OPTIMIZATION_LEVEL = "-Onone";
			};
			name = Debug;
		};
		E989664925AB996800F5BEFF /* Release */ = {
			isa = XCBuildConfiguration;
			buildSettings = {
				ALWAYS_SEARCH_USER_PATHS = NO;
				CLANG_ANALYZER_NONNULL = YES;
				CLANG_ANALYZER_NUMBER_OBJECT_CONVERSION = YES_AGGRESSIVE;
				CLANG_CXX_LANGUAGE_STANDARD = "gnu++14";
				CLANG_CXX_LIBRARY = "libc++";
				CLANG_ENABLE_MODULES = YES;
				CLANG_ENABLE_OBJC_ARC = YES;
				CLANG_ENABLE_OBJC_WEAK = YES;
				CLANG_WARN_BLOCK_CAPTURE_AUTORELEASING = YES;
				CLANG_WARN_BOOL_CONVERSION = YES;
				CLANG_WARN_COMMA = YES;
				CLANG_WARN_CONSTANT_CONVERSION = YES;
				CLANG_WARN_DEPRECATED_OBJC_IMPLEMENTATIONS = YES;
				CLANG_WARN_DIRECT_OBJC_ISA_USAGE = YES_ERROR;
				CLANG_WARN_DOCUMENTATION_COMMENTS = YES;
				CLANG_WARN_EMPTY_BODY = YES;
				CLANG_WARN_ENUM_CONVERSION = YES;
				CLANG_WARN_INFINITE_RECURSION = YES;
				CLANG_WARN_INT_CONVERSION = YES;
				CLANG_WARN_NON_LITERAL_NULL_CONVERSION = YES;
				CLANG_WARN_OBJC_IMPLICIT_RETAIN_SELF = YES;
				CLANG_WARN_OBJC_LITERAL_CONVERSION = YES;
				CLANG_WARN_OBJC_ROOT_CLASS = YES_ERROR;
				CLANG_WARN_QUOTED_INCLUDE_IN_FRAMEWORK_HEADER = YES;
				CLANG_WARN_RANGE_LOOP_ANALYSIS = YES;
				CLANG_WARN_STRICT_PROTOTYPES = YES;
				CLANG_WARN_SUSPICIOUS_MOVE = YES;
				CLANG_WARN_UNGUARDED_AVAILABILITY = YES_AGGRESSIVE;
				CLANG_WARN_UNREACHABLE_CODE = YES;
				CLANG_WARN__DUPLICATE_METHOD_MATCH = YES;
				COPY_PHASE_STRIP = NO;
				DEBUG_INFORMATION_FORMAT = "dwarf-with-dsym";
				ENABLE_NS_ASSERTIONS = NO;
				ENABLE_STRICT_OBJC_MSGSEND = YES;
				GCC_C_LANGUAGE_STANDARD = gnu11;
				GCC_NO_COMMON_BLOCKS = YES;
				GCC_WARN_64_TO_32_BIT_CONVERSION = YES;
				GCC_WARN_ABOUT_RETURN_TYPE = YES_ERROR;
				GCC_WARN_UNDECLARED_SELECTOR = YES;
				GCC_WARN_UNINITIALIZED_AUTOS = YES_AGGRESSIVE;
				GCC_WARN_UNUSED_FUNCTION = YES;
				GCC_WARN_UNUSED_VARIABLE = YES;
				IPHONEOS_DEPLOYMENT_TARGET = 14.0;
				MTL_ENABLE_DEBUG_INFO = NO;
				MTL_FAST_MATH = YES;
				SDKROOT = iphoneos;
				SWIFT_COMPILATION_MODE = wholemodule;
				SWIFT_OPTIMIZATION_LEVEL = "-O";
				VALIDATE_PRODUCT = YES;
			};
			name = Release;
		};
		E989664B25AB996800F5BEFF /* Debug */ = {
			isa = XCBuildConfiguration;
			buildSettings = {
				ASSETCATALOG_COMPILER_APPICON_NAME = AppIcon;
				ASSETCATALOG_COMPILER_GLOBAL_ACCENT_COLOR_NAME = AccentColor;
				CODE_SIGN_STYLE = Automatic;
				INFOPLIST_FILE = Prework/Info.plist;
				LD_RUNPATH_SEARCH_PATHS = (
					"$(inherited)",
					"@executable_path/Frameworks",
				);
				PRODUCT_BUNDLE_IDENTIFIER = "Lucas-Sun.Prework";
				PRODUCT_NAME = "$(TARGET_NAME)";
				SWIFT_VERSION = 5.0;
				TARGETED_DEVICE_FAMILY = "1,2";
			};
			name = Debug;
		};
		E989664C25AB996800F5BEFF /* Release */ = {
			isa = XCBuildConfiguration;
			buildSettings = {
				ASSETCATALOG_COMPILER_APPICON_NAME = AppIcon;
				ASSETCATALOG_COMPILER_GLOBAL_ACCENT_COLOR_NAME = AccentColor;
				CODE_SIGN_STYLE = Automatic;
				INFOPLIST_FILE = Prework/Info.plist;
				LD_RUNPATH_SEARCH_PATHS = (
					"$(inherited)",
					"@executable_path/Frameworks",
				);
				PRODUCT_BUNDLE_IDENTIFIER = "Lucas-Sun.Prework";
				PRODUCT_NAME = "$(TARGET_NAME)";
				SWIFT_VERSION = 5.0;
				TARGETED_DEVICE_FAMILY = "1,2";
			};
			name = Release;
		};
		E989664E25AB996800F5BEFF /* Debug */ = {
			isa = XCBuildConfiguration;
			buildSettings = {
				ALWAYS_EMBED_SWIFT_STANDARD_LIBRARIES = YES;
				BUNDLE_LOADER = "$(TEST_HOST)";
				CODE_SIGN_STYLE = Automatic;
				INFOPLIST_FILE = PreworkTests/Info.plist;
				IPHONEOS_DEPLOYMENT_TARGET = 14.0;
				LD_RUNPATH_SEARCH_PATHS = (
					"$(inherited)",
					"@executable_path/Frameworks",
					"@loader_path/Frameworks",
				);
				PRODUCT_BUNDLE_IDENTIFIER = "Lucas-Sun.PreworkTests";
				PRODUCT_NAME = "$(TARGET_NAME)";
				SWIFT_VERSION = 5.0;
				TARGETED_DEVICE_FAMILY = "1,2";
				TEST_HOST = "$(BUILT_PRODUCTS_DIR)/Prework.app/Contents/MacOS/Prework";
			};
			name = Debug;
		};
		E989664F25AB996800F5BEFF /* Release */ = {
			isa = XCBuildConfiguration;
			buildSettings = {
				ALWAYS_EMBED_SWIFT_STANDARD_LIBRARIES = YES;
				BUNDLE_LOADER = "$(TEST_HOST)";
				CODE_SIGN_STYLE = Automatic;
				INFOPLIST_FILE = PreworkTests/Info.plist;
				IPHONEOS_DEPLOYMENT_TARGET = 14.0;
				LD_RUNPATH_SEARCH_PATHS = (
					"$(inherited)",
					"@executable_path/Frameworks",
					"@loader_path/Frameworks",
				);
				PRODUCT_BUNDLE_IDENTIFIER = "Lucas-Sun.PreworkTests";
				PRODUCT_NAME = "$(TARGET_NAME)";
				SWIFT_VERSION = 5.0;
				TARGETED_DEVICE_FAMILY = "1,2";
				TEST_HOST = "$(BUILT_PRODUCTS_DIR)/Prework.app/Contents/MacOS/Prework";
			};
			name = Release;
		};
		E989665125AB996800F5BEFF /* Debug */ = {
			isa = XCBuildConfiguration;
			buildSettings = {
				ALWAYS_EMBED_SWIFT_STANDARD_LIBRARIES = YES;
				CODE_SIGN_STYLE = Automatic;
				INFOPLIST_FILE = PreworkUITests/Info.plist;
				LD_RUNPATH_SEARCH_PATHS = (
					"$(inherited)",
					"@executable_path/Frameworks",
					"@loader_path/Frameworks",
				);
				PRODUCT_BUNDLE_IDENTIFIER = "Lucas-Sun.PreworkUITests";
				PRODUCT_NAME = "$(TARGET_NAME)";
				SWIFT_VERSION = 5.0;
				TARGETED_DEVICE_FAMILY = "1,2";
				TEST_TARGET_NAME = Prework;
			};
			name = Debug;
		};
		E989665225AB996800F5BEFF /* Release */ = {
			isa = XCBuildConfiguration;
			buildSettings = {
				ALWAYS_EMBED_SWIFT_STANDARD_LIBRARIES = YES;
				CODE_SIGN_STYLE = Automatic;
				INFOPLIST_FILE = PreworkUITests/Info.plist;
				LD_RUNPATH_SEARCH_PATHS = (
					"$(inherited)",
					"@executable_path/Frameworks",
					"@loader_path/Frameworks",
				);
				PRODUCT_BUNDLE_IDENTIFIER = "Lucas-Sun.PreworkUITests";
				PRODUCT_NAME = "$(TARGET_NAME)";
				SWIFT_VERSION = 5.0;
				TARGETED_DEVICE_FAMILY = "1,2";
				TEST_TARGET_NAME = Prework;
			};
			name = Release;
		};
/* End XCBuildConfiguration section */

/* Begin XCConfigurationList section */
		E989661B25AB996000F5BEFF /* Build configuration list for PBXProject "Prework" */ = {
			isa = XCConfigurationList;
			buildConfigurations = (
				E989664825AB996800F5BEFF /* Debug */,
				E989664925AB996800F5BEFF /* Release */,
			);
			defaultConfigurationIsVisible = 0;
			defaultConfigurationName = Release;
		};
		E989664A25AB996800F5BEFF /* Build configuration list for PBXNativeTarget "Prework" */ = {
			isa = XCConfigurationList;
			buildConfigurations = (
				E989664B25AB996800F5BEFF /* Debug */,
				E989664C25AB996800F5BEFF /* Release */,
			);
			defaultConfigurationIsVisible = 0;
			defaultConfigurationName = Release;
		};
		E989664D25AB996800F5BEFF /* Build configuration list for PBXNativeTarget "PreworkTests" */ = {
			isa = XCConfigurationList;
			buildConfigurations = (
				E989664E25AB996800F5BEFF /* Debug */,
				E989664F25AB996800F5BEFF /* Release */,
			);
			defaultConfigurationIsVisible = 0;
			defaultConfigurationName = Release;
		};
		E989665025AB996800F5BEFF /* Build configuration list for PBXNativeTarget "PreworkUITests" */ = {
			isa = XCConfigurationList;
			buildConfigurations = (
				E989665125AB996800F5BEFF /* Debug */,
				E989665225AB996800F5BEFF /* Release */,
			);
			defaultConfigurationIsVisible = 0;
			defaultConfigurationName = Release;
		};
/* End XCConfigurationList section */
	};
	rootObject = E989661825AB996000F5BEFF /* Project object */;
}
